
Microsoft Visual Studio Solution File, Format Version 12.00
# Visual Studio Version 17
VisualStudioVersion = 17.5.33530.505
MinimumVisualStudioVersion = 10.0.40219.1
Project("{FAE04EC0-301F-11D3-BF4B-00C04F79EFBC}") = "ApiGateway", "ApiGateway\ApiGateway.csproj", "{7C831E1E-3122-46CB-B4D0-B60D01525AD4}"
EndProject
Global
	GlobalSection(SolutionConfigurationPlatforms) = preSolution
		Debug|Any CPU = Debug|Any CPU
		Release|Any CPU = Release|Any CPU
	EndGlobalSection
	GlobalSection(ProjectConfigurationPlatforms) = postSolution
		{7C831E1E-3122-46CB-B4D0-B60D01525AD4}.Debug|Any CPU.ActiveCfg = Debug|Any CPU
		{7C831E1E-3122-46CB-B4D0-B60D01525AD4}.Debug|Any CPU.Build.0 = Debug|Any CPU
		{7C831E1E-3122-46CB-B4D0-B60D01525AD4}.Release|Any CPU.ActiveCfg = Release|Any CPU
		{7C831E1E-3122-46CB-B4D0-B60D01525AD4}.Release|Any CPU.Build.0 = Release|Any CPU
	EndGlobalSection
	GlobalSection(SolutionProperties) = preSolution
		HideSolutionNode = FALSE
	EndGlobalSection
	GlobalSection(ExtensibilityGlobals) = postSolution
		SolutionGuid = {4E2BF1FB-AC6C-4DC7-A041-11EC289985A7}
	EndGlobalSection
EndGlobal
